
Microsoft Visual Studio Solution File, Format Version 12.00
# Visual Studio 15
VisualStudioVersion = 15.0.27130.2010
MinimumVisualStudioVersion = 10.0.40219.1
Project("{FAE04EC0-301F-11D3-BF4B-00C04F79EFBC}") = "SparkUniversal", "..\..\SparkUniversal\SparkUniversal.csproj", "{00887BE2-10D8-49A8-A43D-8951A0B8D98B}"
EndProject
Project("{FAE04EC0-301F-11D3-BF4B-00C04F79EFBC}") = "KnxNetIPAdapter", "KnxNetIPAdapter\KnxNetIPAdapter.csproj", "{5254F40C-CD4C-48F9-9C55-8040F071F1B4}"
EndProject
Project("{FAE04EC0-301F-11D3-BF4B-00C04F79EFBC}") = "KnxNetIPBridge", "KnxNetIPBridge\KnxNetIPBridge.csproj", "{4C87DC5C-B33B-47D5-B199-EFC20547AA66}"
EndProject
Project("{8BC9CEB8-8B4A-11D0-8D11-00A0C91BC942}") = "BridgeRT", "BridgeRT\BridgeRT.vcxproj", "{2783A617-8E1D-40D1-9684-DFAEB8DD5406}"
EndProject
Project("{FAE04EC0-301F-11D3-BF4B-00C04F79EFBC}") = "AllJoynBridge", "AllJoynBridge\AllJoynBridge.csproj", "{168BFD58-6ABF-4E80-B71B-144DC3F1B0DB}"
EndProject
Project("{FAE04EC0-301F-11D3-BF4B-00C04F79EFBC}") = "DlmsAdapter", "DlmsAdapter\DlmsAdapter.csproj", "{488EF6EB-01D4-422C-A19A-D78EC9A5B1E4}"
EndProject
Project("{FAE04EC0-301F-11D3-BF4B-00C04F79EFBC}") = "DlmsBridge", "DlmsBridge\DlmsBridge.csproj", "{B813B5BC-2EA2-4BF6-BD3E-2F0A9D8BC796}"
EndProject
Project("{FAE04EC0-301F-11D3-BF4B-00C04F79EFBC}") = "IrTransAdapter", "IrTransAdapter\IrTransAdapter.csproj", "{722C31FD-8C6D-4473-B381-60FA4EA0A860}"
EndProject
Project("{FAE04EC0-301F-11D3-BF4B-00C04F79EFBC}") = "IrTransBridge", "IrTransBridge\IrTransBridge.csproj", "{D9460AA5-65EA-43D7-8FBD-AEBDEDC9308E}"
EndProject
Project("{FAE04EC0-301F-11D3-BF4B-00C04F79EFBC}") = "OnkyoAdapter", "OnkyoAdapter\OnkyoAdapter.csproj", "{7F3625C2-624D-4A79-AB5D-71D1881FAA36}"
EndProject
Project("{FAE04EC0-301F-11D3-BF4B-00C04F79EFBC}") = "OnkyoBridge", "OnkyoBridge\OnkyoBridge.csproj", "{51D8F369-9847-4940-9F00-22CBF624FD00}"
EndProject
Project("{FAE04EC0-301F-11D3-BF4B-00C04F79EFBC}") = "HoermannAdapter", "HoermannAdapter\HoermannAdapter.csproj", "{6F9C9E5C-DA2E-45A9-B94E-6934CEC34369}"
EndProject
Project("{FAE04EC0-301F-11D3-BF4B-00C04F79EFBC}") = "HoermannBridge", "HoermannBridge\HoermannBridge.csproj", "{2D0436B8-6CBF-4491-84BE-79CC51144156}"
EndProject
Project("{FAE04EC0-301F-11D3-BF4B-00C04F79EFBC}") = "RoombaAdapter", "RoombaAdapter\RoombaAdapter.csproj", "{B8B4DA12-6436-4880-AD16-59E14EA01E88}"
EndProject
Project("{FAE04EC0-301F-11D3-BF4B-00C04F79EFBC}") = "RoombaBridge", "RoombaBridge\RoombaBridge.csproj", "{A1ACAA6A-7B0B-4EF9-92BC-33AE4BB8DF8C}"
EndProject
Project("{8BC9CEB8-8B4A-11D0-8D11-00A0C91BC942}") = "BackgroundHost", "BackgroundHost\BackgroundHost.vcxproj", "{98B5350D-3B67-4109-9CD5-1A675295C461}"
EndProject
Global
	GlobalSection(SolutionConfigurationPlatforms) = preSolution
		Debug|Any CPU = Debug|Any CPU
		Debug|ARM = Debug|ARM
		Debug|x64 = Debug|x64
		Debug|x86 = Debug|x86
		Release|Any CPU = Release|Any CPU
		Release|ARM = Release|ARM
		Release|x64 = Release|x64
		Release|x86 = Release|x86
	EndGlobalSection
	GlobalSection(ProjectConfigurationPlatforms) = postSolution
		{00887BE2-10D8-49A8-A43D-8951A0B8D98B}.Debug|Any CPU.ActiveCfg = Debug|x86
		{00887BE2-10D8-49A8-A43D-8951A0B8D98B}.Debug|Any CPU.Build.0 = Debug|x86
		{00887BE2-10D8-49A8-A43D-8951A0B8D98B}.Debug|ARM.ActiveCfg = Debug|ARM
		{00887BE2-10D8-49A8-A43D-8951A0B8D98B}.Debug|ARM.Build.0 = Debug|ARM
		{00887BE2-10D8-49A8-A43D-8951A0B8D98B}.Debug|x64.ActiveCfg = Debug|x64
		{00887BE2-10D8-49A8-A43D-8951A0B8D98B}.Debug|x64.Build.0 = Debug|x64
		{00887BE2-10D8-49A8-A43D-8951A0B8D98B}.Debug|x86.ActiveCfg = Debug|x86
		{00887BE2-10D8-49A8-A43D-8951A0B8D98B}.Debug|x86.Build.0 = Debug|x86
		{00887BE2-10D8-49A8-A43D-8951A0B8D98B}.Release|Any CPU.ActiveCfg = Release|Any CPU
		{00887BE2-10D8-49A8-A43D-8951A0B8D98B}.Release|Any CPU.Build.0 = Release|Any CPU
		{00887BE2-10D8-49A8-A43D-8951A0B8D98B}.Release|ARM.ActiveCfg = Release|ARM
		{00887BE2-10D8-49A8-A43D-8951A0B8D98B}.Release|ARM.Build.0 = Release|ARM
		{00887BE2-10D8-49A8-A43D-8951A0B8D98B}.Release|x64.ActiveCfg = Release|x64
		{00887BE2-10D8-49A8-A43D-8951A0B8D98B}.Release|x64.Build.0 = Release|x64
		{00887BE2-10D8-49A8-A43D-8951A0B8D98B}.Release|x86.ActiveCfg = Release|x86
		{00887BE2-10D8-49A8-A43D-8951A0B8D98B}.Release|x86.Build.0 = Release|x86
		{5254F40C-CD4C-48F9-9C55-8040F071F1B4}.Debug|Any CPU.ActiveCfg = Debug|Any CPU
		{5254F40C-CD4C-48F9-9C55-8040F071F1B4}.Debug|Any CPU.Build.0 = Debug|Any CPU
		{5254F40C-CD4C-48F9-9C55-8040F071F1B4}.Debug|ARM.ActiveCfg = Debug|ARM
		{5254F40C-CD4C-48F9-9C55-8040F071F1B4}.Debug|ARM.Build.0 = Debug|ARM
		{5254F40C-CD4C-48F9-9C55-8040F071F1B4}.Debug|x64.ActiveCfg = Debug|x64
		{5254F40C-CD4C-48F9-9C55-8040F071F1B4}.Debug|x64.Build.0 = Debug|x64
		{5254F40C-CD4C-48F9-9C55-8040F071F1B4}.Debug|x86.ActiveCfg = Debug|x86
		{5254F40C-CD4C-48F9-9C55-8040F071F1B4}.Debug|x86.Build.0 = Debug|x86
		{5254F40C-CD4C-48F9-9C55-8040F071F1B4}.Release|Any CPU.ActiveCfg = Release|Any CPU
		{5254F40C-CD4C-48F9-9C55-8040F071F1B4}.Release|Any CPU.Build.0 = Release|Any CPU
		{5254F40C-CD4C-48F9-9C55-8040F071F1B4}.Release|ARM.ActiveCfg = Release|ARM
		{5254F40C-CD4C-48F9-9C55-8040F071F1B4}.Release|ARM.Build.0 = Release|ARM
		{5254F40C-CD4C-48F9-9C55-8040F071F1B4}.Release|x64.ActiveCfg = Release|x64
		{5254F40C-CD4C-48F9-9C55-8040F071F1B4}.Release|x64.Build.0 = Release|x64
		{5254F40C-CD4C-48F9-9C55-8040F071F1B4}.Release|x86.ActiveCfg = Release|x86
		{5254F40C-CD4C-48F9-9C55-8040F071F1B4}.Release|x86.Build.0 = Release|x86
		{4C87DC5C-B33B-47D5-B199-EFC20547AA66}.Debug|Any CPU.ActiveCfg = Debug|x86
		{4C87DC5C-B33B-47D5-B199-EFC20547AA66}.Debug|ARM.ActiveCfg = Debug|ARM
		{4C87DC5C-B33B-47D5-B199-EFC20547AA66}.Debug|ARM.Build.0 = Debug|ARM
		{4C87DC5C-B33B-47D5-B199-EFC20547AA66}.Debug|ARM.Deploy.0 = Debug|ARM
		{4C87DC5C-B33B-47D5-B199-EFC20547AA66}.Debug|x64.ActiveCfg = Debug|x64
		{4C87DC5C-B33B-47D5-B199-EFC20547AA66}.Debug|x64.Build.0 = Debug|x64
		{4C87DC5C-B33B-47D5-B199-EFC20547AA66}.Debug|x64.Deploy.0 = Debug|x64
		{4C87DC5C-B33B-47D5-B199-EFC20547AA66}.Debug|x86.ActiveCfg = Debug|x86
		{4C87DC5C-B33B-47D5-B199-EFC20547AA66}.Debug|x86.Build.0 = Debug|x86
		{4C87DC5C-B33B-47D5-B199-EFC20547AA66}.Debug|x86.Deploy.0 = Debug|x86
		{4C87DC5C-B33B-47D5-B199-EFC20547AA66}.Release|Any CPU.ActiveCfg = Release|x86
		{4C87DC5C-B33B-47D5-B199-EFC20547AA66}.Release|ARM.ActiveCfg = Release|ARM
		{4C87DC5C-B33B-47D5-B199-EFC20547AA66}.Release|ARM.Build.0 = Release|ARM
		{4C87DC5C-B33B-47D5-B199-EFC20547AA66}.Release|ARM.Deploy.0 = Release|ARM
		{4C87DC5C-B33B-47D5-B199-EFC20547AA66}.Release|x64.ActiveCfg = Release|x64
		{4C87DC5C-B33B-47D5-B199-EFC20547AA66}.Release|x64.Build.0 = Release|x64
		{4C87DC5C-B33B-47D5-B199-EFC20547AA66}.Release|x64.Deploy.0 = Release|x64
		{4C87DC5C-B33B-47D5-B199-EFC20547AA66}.Release|x86.ActiveCfg = Release|x86
		{4C87DC5C-B33B-47D5-B199-EFC20547AA66}.Release|x86.Build.0 = Release|x86
		{4C87DC5C-B33B-47D5-B199-EFC20547AA66}.Release|x86.Deploy.0 = Release|x86
		{2783A617-8E1D-40D1-9684-DFAEB8DD5406}.Debug|Any CPU.ActiveCfg = Debug|Win32
		{2783A617-8E1D-40D1-9684-DFAEB8DD5406}.Debug|ARM.ActiveCfg = Debug|ARM
		{2783A617-8E1D-40D1-9684-DFAEB8DD5406}.Debug|ARM.Build.0 = Debug|ARM
		{2783A617-8E1D-40D1-9684-DFAEB8DD5406}.Debug|x64.ActiveCfg = Debug|x64
		{2783A617-8E1D-40D1-9684-DFAEB8DD5406}.Debug|x64.Build.0 = Debug|x64
		{2783A617-8E1D-40D1-9684-DFAEB8DD5406}.Debug|x86.ActiveCfg = Debug|Win32
		{2783A617-8E1D-40D1-9684-DFAEB8DD5406}.Debug|x86.Build.0 = Debug|Win32
		{2783A617-8E1D-40D1-9684-DFAEB8DD5406}.Release|Any CPU.ActiveCfg = Release|Win32
		{2783A617-8E1D-40D1-9684-DFAEB8DD5406}.Release|ARM.ActiveCfg = Release|ARM
		{2783A617-8E1D-40D1-9684-DFAEB8DD5406}.Release|ARM.Build.0 = Release|ARM
		{2783A617-8E1D-40D1-9684-DFAEB8DD5406}.Release|x64.ActiveCfg = Release|x64
		{2783A617-8E1D-40D1-9684-DFAEB8DD5406}.Release|x64.Build.0 = Release|x64
		{2783A617-8E1D-40D1-9684-DFAEB8DD5406}.Release|x86.ActiveCfg = Release|Win32
		{2783A617-8E1D-40D1-9684-DFAEB8DD5406}.Release|x86.Build.0 = Release|Win32
		{168BFD58-6ABF-4E80-B71B-144DC3F1B0DB}.Debug|Any CPU.ActiveCfg = Debug|Any CPU
		{168BFD58-6ABF-4E80-B71B-144DC3F1B0DB}.Debug|Any CPU.Build.0 = Debug|Any CPU
		{168BFD58-6ABF-4E80-B71B-144DC3F1B0DB}.Debug|ARM.ActiveCfg = Debug|ARM
		{168BFD58-6ABF-4E80-B71B-144DC3F1B0DB}.Debug|ARM.Build.0 = Debug|ARM
		{168BFD58-6ABF-4E80-B71B-144DC3F1B0DB}.Debug|x64.ActiveCfg = Debug|x64
		{168BFD58-6ABF-4E80-B71B-144DC3F1B0DB}.Debug|x64.Build.0 = Debug|x64
		{168BFD58-6ABF-4E80-B71B-144DC3F1B0DB}.Debug|x86.ActiveCfg = Debug|x86
		{168BFD58-6ABF-4E80-B71B-144DC3F1B0DB}.Debug|x86.Build.0 = Debug|x86
		{168BFD58-6ABF-4E80-B71B-144DC3F1B0DB}.Release|Any CPU.ActiveCfg = Release|Any CPU
		{168BFD58-6ABF-4E80-B71B-144DC3F1B0DB}.Release|Any CPU.Build.0 = Release|Any CPU
		{168BFD58-6ABF-4E80-B71B-144DC3F1B0DB}.Release|ARM.ActiveCfg = Release|ARM
		{168BFD58-6ABF-4E80-B71B-144DC3F1B0DB}.Release|ARM.Build.0 = Release|ARM
		{168BFD58-6ABF-4E80-B71B-144DC3F1B0DB}.Release|x64.ActiveCfg = Release|x64
		{168BFD58-6ABF-4E80-B71B-144DC3F1B0DB}.Release|x64.Build.0 = Release|x64
		{168BFD58-6ABF-4E80-B71B-144DC3F1B0DB}.Release|x86.ActiveCfg = Release|x86
		{168BFD58-6ABF-4E80-B71B-144DC3F1B0DB}.Release|x86.Build.0 = Release|x86
		{488EF6EB-01D4-422C-A19A-D78EC9A5B1E4}.Debug|Any CPU.ActiveCfg = Debug|Any CPU
		{488EF6EB-01D4-422C-A19A-D78EC9A5B1E4}.Debug|Any CPU.Build.0 = Debug|Any CPU
		{488EF6EB-01D4-422C-A19A-D78EC9A5B1E4}.Debug|ARM.ActiveCfg = Debug|ARM
		{488EF6EB-01D4-422C-A19A-D78EC9A5B1E4}.Debug|ARM.Build.0 = Debug|ARM
		{488EF6EB-01D4-422C-A19A-D78EC9A5B1E4}.Debug|x64.ActiveCfg = Debug|x64
		{488EF6EB-01D4-422C-A19A-D78EC9A5B1E4}.Debug|x64.Build.0 = Debug|x64
		{488EF6EB-01D4-422C-A19A-D78EC9A5B1E4}.Debug|x86.ActiveCfg = Debug|x86
		{488EF6EB-01D4-422C-A19A-D78EC9A5B1E4}.Debug|x86.Build.0 = Debug|x86
		{488EF6EB-01D4-422C-A19A-D78EC9A5B1E4}.Release|Any CPU.ActiveCfg = Release|Any CPU
		{488EF6EB-01D4-422C-A19A-D78EC9A5B1E4}.Release|Any CPU.Build.0 = Release|Any CPU
		{488EF6EB-01D4-422C-A19A-D78EC9A5B1E4}.Release|ARM.ActiveCfg = Release|ARM
		{488EF6EB-01D4-422C-A19A-D78EC9A5B1E4}.Release|ARM.Build.0 = Release|ARM
		{488EF6EB-01D4-422C-A19A-D78EC9A5B1E4}.Release|x64.ActiveCfg = Release|x64
		{488EF6EB-01D4-422C-A19A-D78EC9A5B1E4}.Release|x64.Build.0 = Release|x64
		{488EF6EB-01D4-422C-A19A-D78EC9A5B1E4}.Release|x86.ActiveCfg = Release|x86
		{488EF6EB-01D4-422C-A19A-D78EC9A5B1E4}.Release|x86.Build.0 = Release|x86
		{B813B5BC-2EA2-4BF6-BD3E-2F0A9D8BC796}.Debug|Any CPU.ActiveCfg = Debug|x86
		{B813B5BC-2EA2-4BF6-BD3E-2F0A9D8BC796}.Debug|ARM.ActiveCfg = Debug|ARM
		{B813B5BC-2EA2-4BF6-BD3E-2F0A9D8BC796}.Debug|ARM.Build.0 = Debug|ARM
		{B813B5BC-2EA2-4BF6-BD3E-2F0A9D8BC796}.Debug|ARM.Deploy.0 = Debug|ARM
		{B813B5BC-2EA2-4BF6-BD3E-2F0A9D8BC796}.Debug|x64.ActiveCfg = Debug|x64
		{B813B5BC-2EA2-4BF6-BD3E-2F0A9D8BC796}.Debug|x64.Build.0 = Debug|x64
		{B813B5BC-2EA2-4BF6-BD3E-2F0A9D8BC796}.Debug|x64.Deploy.0 = Debug|x64
		{B813B5BC-2EA2-4BF6-BD3E-2F0A9D8BC796}.Debug|x86.ActiveCfg = Debug|x86
		{B813B5BC-2EA2-4BF6-BD3E-2F0A9D8BC796}.Debug|x86.Build.0 = Debug|x86
		{B813B5BC-2EA2-4BF6-BD3E-2F0A9D8BC796}.Debug|x86.Deploy.0 = Debug|x86
		{B813B5BC-2EA2-4BF6-BD3E-2F0A9D8BC796}.Release|Any CPU.ActiveCfg = Release|x86
		{B813B5BC-2EA2-4BF6-BD3E-2F0A9D8BC796}.Release|ARM.ActiveCfg = Release|ARM
		{B813B5BC-2EA2-4BF6-BD3E-2F0A9D8BC796}.Release|ARM.Build.0 = Release|ARM
		{B813B5BC-2EA2-4BF6-BD3E-2F0A9D8BC796}.Release|ARM.Deploy.0 = Release|ARM
		{B813B5BC-2EA2-4BF6-BD3E-2F0A9D8BC796}.Release|x64.ActiveCfg = Release|x64
		{B813B5BC-2EA2-4BF6-BD3E-2F0A9D8BC796}.Release|x64.Build.0 = Release|x64
		{B813B5BC-2EA2-4BF6-BD3E-2F0A9D8BC796}.Release|x64.Deploy.0 = Release|x64
		{B813B5BC-2EA2-4BF6-BD3E-2F0A9D8BC796}.Release|x86.ActiveCfg = Release|x86
		{B813B5BC-2EA2-4BF6-BD3E-2F0A9D8BC796}.Release|x86.Build.0 = Release|x86
		{B813B5BC-2EA2-4BF6-BD3E-2F0A9D8BC796}.Release|x86.Deploy.0 = Release|x86
		{722C31FD-8C6D-4473-B381-60FA4EA0A860}.Debug|Any CPU.ActiveCfg = Debug|Any CPU
		{722C31FD-8C6D-4473-B381-60FA4EA0A860}.Debug|Any CPU.Build.0 = Debug|Any CPU
		{722C31FD-8C6D-4473-B381-60FA4EA0A860}.Debug|ARM.ActiveCfg = Debug|ARM
		{722C31FD-8C6D-4473-B381-60FA4EA0A860}.Debug|ARM.Build.0 = Debug|ARM
		{722C31FD-8C6D-4473-B381-60FA4EA0A860}.Debug|x64.ActiveCfg = Debug|x64
		{722C31FD-8C6D-4473-B381-60FA4EA0A860}.Debug|x64.Build.0 = Debug|x64
		{722C31FD-8C6D-4473-B381-60FA4EA0A860}.Debug|x86.ActiveCfg = Debug|x86
		{722C31FD-8C6D-4473-B381-60FA4EA0A860}.Debug|x86.Build.0 = Debug|x86
		{722C31FD-8C6D-4473-B381-60FA4EA0A860}.Release|Any CPU.ActiveCfg = Release|Any CPU
		{722C31FD-8C6D-4473-B381-60FA4EA0A860}.Release|Any CPU.Build.0 = Release|Any CPU
		{722C31FD-8C6D-4473-B381-60FA4EA0A860}.Release|ARM.ActiveCfg = Release|ARM
		{722C31FD-8C6D-4473-B381-60FA4EA0A860}.Release|ARM.Build.0 = Release|ARM
		{722C31FD-8C6D-4473-B381-60FA4EA0A860}.Release|x64.ActiveCfg = Release|x64
		{722C31FD-8C6D-4473-B381-60FA4EA0A860}.Release|x64.Build.0 = Release|x64
		{722C31FD-8C6D-4473-B381-60FA4EA0A860}.Release|x86.ActiveCfg = Release|x86
		{722C31FD-8C6D-4473-B381-60FA4EA0A860}.Release|x86.Build.0 = Release|x86
		{D9460AA5-65EA-43D7-8FBD-AEBDEDC9308E}.Debug|Any CPU.ActiveCfg = Debug|x86
		{D9460AA5-65EA-43D7-8FBD-AEBDEDC9308E}.Debug|ARM.ActiveCfg = Debug|ARM
		{D9460AA5-65EA-43D7-8FBD-AEBDEDC9308E}.Debug|ARM.Build.0 = Debug|ARM
		{D9460AA5-65EA-43D7-8FBD-AEBDEDC9308E}.Debug|ARM.Deploy.0 = Debug|ARM
		{D9460AA5-65EA-43D7-8FBD-AEBDEDC9308E}.Debug|x64.ActiveCfg = Debug|x64
		{D9460AA5-65EA-43D7-8FBD-AEBDEDC9308E}.Debug|x64.Build.0 = Debug|x64
		{D9460AA5-65EA-43D7-8FBD-AEBDEDC9308E}.Debug|x64.Deploy.0 = Debug|x64
		{D9460AA5-65EA-43D7-8FBD-AEBDEDC9308E}.Debug|x86.ActiveCfg = Debug|x86
		{D9460AA5-65EA-43D7-8FBD-AEBDEDC9308E}.Debug|x86.Build.0 = Debug|x86
		{D9460AA5-65EA-43D7-8FBD-AEBDEDC9308E}.Debug|x86.Deploy.0 = Debug|x86
		{D9460AA5-65EA-43D7-8FBD-AEBDEDC9308E}.Release|Any CPU.ActiveCfg = Release|x86
		{D9460AA5-65EA-43D7-8FBD-AEBDEDC9308E}.Release|ARM.ActiveCfg = Release|ARM
		{D9460AA5-65EA-43D7-8FBD-AEBDEDC9308E}.Release|ARM.Build.0 = Release|ARM
		{D9460AA5-65EA-43D7-8FBD-AEBDEDC9308E}.Release|ARM.Deploy.0 = Release|ARM
		{D9460AA5-65EA-43D7-8FBD-AEBDEDC9308E}.Release|x64.ActiveCfg = Release|x64
		{D9460AA5-65EA-43D7-8FBD-AEBDEDC9308E}.Release|x64.Build.0 = Release|x64
		{D9460AA5-65EA-43D7-8FBD-AEBDEDC9308E}.Release|x64.Deploy.0 = Release|x64
		{D9460AA5-65EA-43D7-8FBD-AEBDEDC9308E}.Release|x86.ActiveCfg = Release|x86
		{D9460AA5-65EA-43D7-8FBD-AEBDEDC9308E}.Release|x86.Build.0 = Release|x86
		{D9460AA5-65EA-43D7-8FBD-AEBDEDC9308E}.Release|x86.Deploy.0 = Release|x86
		{7F3625C2-624D-4A79-AB5D-71D1881FAA36}.Debug|Any CPU.ActiveCfg = Debug|Any CPU
		{7F3625C2-624D-4A79-AB5D-71D1881FAA36}.Debug|Any CPU.Build.0 = Debug|Any CPU
		{7F3625C2-624D-4A79-AB5D-71D1881FAA36}.Debug|ARM.ActiveCfg = Debug|ARM
		{7F3625C2-624D-4A79-AB5D-71D1881FAA36}.Debug|ARM.Build.0 = Debug|ARM
		{7F3625C2-624D-4A79-AB5D-71D1881FAA36}.Debug|x64.ActiveCfg = Debug|x64
		{7F3625C2-624D-4A79-AB5D-71D1881FAA36}.Debug|x64.Build.0 = Debug|x64
		{7F3625C2-624D-4A79-AB5D-71D1881FAA36}.Debug|x86.ActiveCfg = Debug|x86
		{7F3625C2-624D-4A79-AB5D-71D1881FAA36}.Debug|x86.Build.0 = Debug|x86
		{7F3625C2-624D-4A79-AB5D-71D1881FAA36}.Release|Any CPU.ActiveCfg = Release|Any CPU
		{7F3625C2-624D-4A79-AB5D-71D1881FAA36}.Release|Any CPU.Build.0 = Release|Any CPU
		{7F3625C2-624D-4A79-AB5D-71D1881FAA36}.Release|ARM.ActiveCfg = Release|ARM
		{7F3625C2-624D-4A79-AB5D-71D1881FAA36}.Release|ARM.Build.0 = Release|ARM
		{7F3625C2-624D-4A79-AB5D-71D1881FAA36}.Release|x64.ActiveCfg = Release|x64
		{7F3625C2-624D-4A79-AB5D-71D1881FAA36}.Release|x64.Build.0 = Release|x64
		{7F3625C2-624D-4A79-AB5D-71D1881FAA36}.Release|x86.ActiveCfg = Release|x86
		{7F3625C2-624D-4A79-AB5D-71D1881FAA36}.Release|x86.Build.0 = Release|x86
		{51D8F369-9847-4940-9F00-22CBF624FD00}.Debug|Any CPU.ActiveCfg = Debug|x86
		{51D8F369-9847-4940-9F00-22CBF624FD00}.Debug|ARM.ActiveCfg = Debug|ARM
		{51D8F369-9847-4940-9F00-22CBF624FD00}.Debug|ARM.Build.0 = Debug|ARM
		{51D8F369-9847-4940-9F00-22CBF624FD00}.Debug|ARM.Deploy.0 = Debug|ARM
		{51D8F369-9847-4940-9F00-22CBF624FD00}.Debug|x64.ActiveCfg = Debug|x64
		{51D8F369-9847-4940-9F00-22CBF624FD00}.Debug|x64.Build.0 = Debug|x64
		{51D8F369-9847-4940-9F00-22CBF624FD00}.Debug|x64.Deploy.0 = Debug|x64
		{51D8F369-9847-4940-9F00-22CBF624FD00}.Debug|x86.ActiveCfg = Debug|x86
		{51D8F369-9847-4940-9F00-22CBF624FD00}.Debug|x86.Build.0 = Debug|x86
		{51D8F369-9847-4940-9F00-22CBF624FD00}.Debug|x86.Deploy.0 = Debug|x86
		{51D8F369-9847-4940-9F00-22CBF624FD00}.Release|Any CPU.ActiveCfg = Release|x86
		{51D8F369-9847-4940-9F00-22CBF624FD00}.Release|ARM.ActiveCfg = Release|ARM
		{51D8F369-9847-4940-9F00-22CBF624FD00}.Release|ARM.Build.0 = Release|ARM
		{51D8F369-9847-4940-9F00-22CBF624FD00}.Release|ARM.Deploy.0 = Release|ARM
		{51D8F369-9847-4940-9F00-22CBF624FD00}.Release|x64.ActiveCfg = Release|x64
		{51D8F369-9847-4940-9F00-22CBF624FD00}.Release|x64.Build.0 = Release|x64
		{51D8F369-9847-4940-9F00-22CBF624FD00}.Release|x64.Deploy.0 = Release|x64
		{51D8F369-9847-4940-9F00-22CBF624FD00}.Release|x86.ActiveCfg = Release|x86
		{51D8F369-9847-4940-9F00-22CBF624FD00}.Release|x86.Build.0 = Release|x86
		{51D8F369-9847-4940-9F00-22CBF624FD00}.Release|x86.Deploy.0 = Release|x86
		{6F9C9E5C-DA2E-45A9-B94E-6934CEC34369}.Debug|Any CPU.ActiveCfg = Debug|Any CPU
		{6F9C9E5C-DA2E-45A9-B94E-6934CEC34369}.Debug|Any CPU.Build.0 = Debug|Any CPU
		{6F9C9E5C-DA2E-45A9-B94E-6934CEC34369}.Debug|ARM.ActiveCfg = Debug|ARM
		{6F9C9E5C-DA2E-45A9-B94E-6934CEC34369}.Debug|ARM.Build.0 = Debug|ARM
		{6F9C9E5C-DA2E-45A9-B94E-6934CEC34369}.Debug|x64.ActiveCfg = Debug|x64
		{6F9C9E5C-DA2E-45A9-B94E-6934CEC34369}.Debug|x64.Build.0 = Debug|x64
		{6F9C9E5C-DA2E-45A9-B94E-6934CEC34369}.Debug|x86.ActiveCfg = Debug|x86
		{6F9C9E5C-DA2E-45A9-B94E-6934CEC34369}.Debug|x86.Build.0 = Debug|x86
		{6F9C9E5C-DA2E-45A9-B94E-6934CEC34369}.Release|Any CPU.ActiveCfg = Release|Any CPU
		{6F9C9E5C-DA2E-45A9-B94E-6934CEC34369}.Release|Any CPU.Build.0 = Release|Any CPU
		{6F9C9E5C-DA2E-45A9-B94E-6934CEC34369}.Release|ARM.ActiveCfg = Release|ARM
		{6F9C9E5C-DA2E-45A9-B94E-6934CEC34369}.Release|ARM.Build.0 = Release|ARM
		{6F9C9E5C-DA2E-45A9-B94E-6934CEC34369}.Release|x64.ActiveCfg = Release|x64
		{6F9C9E5C-DA2E-45A9-B94E-6934CEC34369}.Release|x64.Build.0 = Release|x64
		{6F9C9E5C-DA2E-45A9-B94E-6934CEC34369}.Release|x86.ActiveCfg = Release|x86
		{6F9C9E5C-DA2E-45A9-B94E-6934CEC34369}.Release|x86.Build.0 = Release|x86
		{2D0436B8-6CBF-4491-84BE-79CC51144156}.Debug|Any CPU.ActiveCfg = Debug|x86
		{2D0436B8-6CBF-4491-84BE-79CC51144156}.Debug|ARM.ActiveCfg = Debug|ARM
		{2D0436B8-6CBF-4491-84BE-79CC51144156}.Debug|ARM.Build.0 = Debug|ARM
		{2D0436B8-6CBF-4491-84BE-79CC51144156}.Debug|ARM.Deploy.0 = Debug|ARM
		{2D0436B8-6CBF-4491-84BE-79CC51144156}.Debug|x64.ActiveCfg = Debug|x64
		{2D0436B8-6CBF-4491-84BE-79CC51144156}.Debug|x64.Build.0 = Debug|x64
		{2D0436B8-6CBF-4491-84BE-79CC51144156}.Debug|x64.Deploy.0 = Debug|x64
		{2D0436B8-6CBF-4491-84BE-79CC51144156}.Debug|x86.ActiveCfg = Debug|x86
		{2D0436B8-6CBF-4491-84BE-79CC51144156}.Debug|x86.Build.0 = Debug|x86
		{2D0436B8-6CBF-4491-84BE-79CC51144156}.Debug|x86.Deploy.0 = Debug|x86
		{2D0436B8-6CBF-4491-84BE-79CC51144156}.Release|Any CPU.ActiveCfg = Release|x86
		{2D0436B8-6CBF-4491-84BE-79CC51144156}.Release|ARM.ActiveCfg = Release|ARM
		{2D0436B8-6CBF-4491-84BE-79CC51144156}.Release|ARM.Build.0 = Release|ARM
		{2D0436B8-6CBF-4491-84BE-79CC51144156}.Release|ARM.Deploy.0 = Release|ARM
		{2D0436B8-6CBF-4491-84BE-79CC51144156}.Release|x64.ActiveCfg = Release|x64
		{2D0436B8-6CBF-4491-84BE-79CC51144156}.Release|x64.Build.0 = Release|x64
		{2D0436B8-6CBF-4491-84BE-79CC51144156}.Release|x64.Deploy.0 = Release|x64
		{2D0436B8-6CBF-4491-84BE-79CC51144156}.Release|x86.ActiveCfg = Release|x86
		{2D0436B8-6CBF-4491-84BE-79CC51144156}.Release|x86.Build.0 = Release|x86
		{2D0436B8-6CBF-4491-84BE-79CC51144156}.Release|x86.Deploy.0 = Release|x86
		{B8B4DA12-6436-4880-AD16-59E14EA01E88}.Debug|Any CPU.ActiveCfg = Debug|Any CPU
		{B8B4DA12-6436-4880-AD16-59E14EA01E88}.Debug|Any CPU.Build.0 = Debug|Any CPU
		{B8B4DA12-6436-4880-AD16-59E14EA01E88}.Debug|ARM.ActiveCfg = Debug|ARM
		{B8B4DA12-6436-4880-AD16-59E14EA01E88}.Debug|ARM.Build.0 = Debug|ARM
		{B8B4DA12-6436-4880-AD16-59E14EA01E88}.Debug|x64.ActiveCfg = Debug|x64
		{B8B4DA12-6436-4880-AD16-59E14EA01E88}.Debug|x64.Build.0 = Debug|x64
		{B8B4DA12-6436-4880-AD16-59E14EA01E88}.Debug|x86.ActiveCfg = Debug|x86
		{B8B4DA12-6436-4880-AD16-59E14EA01E88}.Debug|x86.Build.0 = Debug|x86
		{B8B4DA12-6436-4880-AD16-59E14EA01E88}.Release|Any CPU.ActiveCfg = Release|Any CPU
		{B8B4DA12-6436-4880-AD16-59E14EA01E88}.Release|Any CPU.Build.0 = Release|Any CPU
		{B8B4DA12-6436-4880-AD16-59E14EA01E88}.Release|ARM.ActiveCfg = Release|ARM
		{B8B4DA12-6436-4880-AD16-59E14EA01E88}.Release|ARM.Build.0 = Release|ARM
		{B8B4DA12-6436-4880-AD16-59E14EA01E88}.Release|x64.ActiveCfg = Release|x64
		{B8B4DA12-6436-4880-AD16-59E14EA01E88}.Release|x64.Build.0 = Release|x64
		{B8B4DA12-6436-4880-AD16-59E14EA01E88}.Release|x86.ActiveCfg = Release|x86
		{B8B4DA12-6436-4880-AD16-59E14EA01E88}.Release|x86.Build.0 = Release|x86
		{A1ACAA6A-7B0B-4EF9-92BC-33AE4BB8DF8C}.Debug|Any CPU.ActiveCfg = Debug|x86
		{A1ACAA6A-7B0B-4EF9-92BC-33AE4BB8DF8C}.Debug|ARM.ActiveCfg = Debug|ARM
		{A1ACAA6A-7B0B-4EF9-92BC-33AE4BB8DF8C}.Debug|ARM.Build.0 = Debug|ARM
		{A1ACAA6A-7B0B-4EF9-92BC-33AE4BB8DF8C}.Debug|ARM.Deploy.0 = Debug|ARM
		{A1ACAA6A-7B0B-4EF9-92BC-33AE4BB8DF8C}.Debug|x64.ActiveCfg = Debug|x64
		{A1ACAA6A-7B0B-4EF9-92BC-33AE4BB8DF8C}.Debug|x64.Build.0 = Debug|x64
		{A1ACAA6A-7B0B-4EF9-92BC-33AE4BB8DF8C}.Debug|x64.Deploy.0 = Debug|x64
		{A1ACAA6A-7B0B-4EF9-92BC-33AE4BB8DF8C}.Debug|x86.ActiveCfg = Debug|x86
		{A1ACAA6A-7B0B-4EF9-92BC-33AE4BB8DF8C}.Debug|x86.Build.0 = Debug|x86
		{A1ACAA6A-7B0B-4EF9-92BC-33AE4BB8DF8C}.Debug|x86.Deploy.0 = Debug|x86
		{A1ACAA6A-7B0B-4EF9-92BC-33AE4BB8DF8C}.Release|Any CPU.ActiveCfg = Release|x86
		{A1ACAA6A-7B0B-4EF9-92BC-33AE4BB8DF8C}.Release|ARM.ActiveCfg = Release|ARM
		{A1ACAA6A-7B0B-4EF9-92BC-33AE4BB8DF8C}.Release|ARM.Build.0 = Release|ARM
		{A1ACAA6A-7B0B-4EF9-92BC-33AE4BB8DF8C}.Release|ARM.Deploy.0 = Release|ARM
		{A1ACAA6A-7B0B-4EF9-92BC-33AE4BB8DF8C}.Release|x64.ActiveCfg = Release|x64
		{A1ACAA6A-7B0B-4EF9-92BC-33AE4BB8DF8C}.Release|x64.Build.0 = Release|x64
		{A1ACAA6A-7B0B-4EF9-92BC-33AE4BB8DF8C}.Release|x64.Deploy.0 = Release|x64
		{A1ACAA6A-7B0B-4EF9-92BC-33AE4BB8DF8C}.Release|x86.ActiveCfg = Release|x86
		{A1ACAA6A-7B0B-4EF9-92BC-33AE4BB8DF8C}.Release|x86.Build.0 = Release|x86
		{A1ACAA6A-7B0B-4EF9-92BC-33AE4BB8DF8C}.Release|x86.Deploy.0 = Release|x86
		{98B5350D-3B67-4109-9CD5-1A675295C461}.Debug|Any CPU.ActiveCfg = Debug|Win32
		{98B5350D-3B67-4109-9CD5-1A675295C461}.Debug|ARM.ActiveCfg = Debug|ARM
		{98B5350D-3B67-4109-9CD5-1A675295C461}.Debug|ARM.Build.0 = Debug|ARM
		{98B5350D-3B67-4109-9CD5-1A675295C461}.Debug|x64.ActiveCfg = Debug|x64
		{98B5350D-3B67-4109-9CD5-1A675295C461}.Debug|x64.Build.0 = Debug|x64
		{98B5350D-3B67-4109-9CD5-1A675295C461}.Debug|x86.ActiveCfg = Debug|Win32
		{98B5350D-3B67-4109-9CD5-1A675295C461}.Debug|x86.Build.0 = Debug|Win32
		{98B5350D-3B67-4109-9CD5-1A675295C461}.Release|Any CPU.ActiveCfg = Release|Win32
		{98B5350D-3B67-4109-9CD5-1A675295C461}.Release|ARM.ActiveCfg = Release|ARM
		{98B5350D-3B67-4109-9CD5-1A675295C461}.Release|ARM.Build.0 = Release|ARM
		{98B5350D-3B67-4109-9CD5-1A675295C461}.Release|x64.ActiveCfg = Release|x64
		{98B5350D-3B67-4109-9CD5-1A675295C461}.Release|x64.Build.0 = Release|x64
		{98B5350D-3B67-4109-9CD5-1A675295C461}.Release|x86.ActiveCfg = Release|Win32
		{98B5350D-3B67-4109-9CD5-1A675295C461}.Release|x86.Build.0 = Release|Win32
	EndGlobalSection
	GlobalSection(SolutionProperties) = preSolution
		HideSolutionNode = FALSE
	EndGlobalSection
	GlobalSection(ExtensibilityGlobals) = postSolution
		SolutionGuid = {E16D226E-320D-47BC-BD28-B5F5BFFA6A9B}
	EndGlobalSection
EndGlobal
